<Solution>
  <Folder Name="/tests/">
    <Project Path="CleanStarter.UnitTests/CleanStarter.UnitTests.csproj" Id="dc083c71-c2fb-41db-8fa0-89dd5c8f8ade" />
  </Folder>
  <Project Path="CleanStarter.api/CleanStarter.API.csproj" />
  <Project Path="CleanStarter.Application/CleanStarter.Application.csproj" />
  <Project Path="CleanStarter.Core/CleanStarter.Core.csproj" />
  <Project Path="CleanStarter.Infrastructure/CleanStarter.Infrastructure.csproj" />
</Solution>
